# This file was autogenerated by Stack.
# You should not edit this file by hand.
# For more information, please see the documentation at:
#   https://docs.haskellstack.org/en/stable/lock_files

packages:
- completed:
    hackage: squeal-postgresql-0.6.0.2@sha256:2bd808a80c8c67da612049908152134b5d70650303239c6754ed0cf1dfab5305,5624
    pantry-tree:
      size: 5567
      sha256: 670f0e300c6c1fef9b0d281018b2dc8a7f48f5c890ba28a942a53c0357a7cd53
  original:
    hackage: squeal-postgresql-0.6.0.2@sha256:2bd808a80c8c67da612049908152134b5d70650303239c6754ed0cf1dfab5305,5624
- completed:
    hackage: free-categories-0.2.0.0@sha256:2d248c669140cf82324569eaf90406c7c9d4a510088aca1979c9bd411bc5980c,855
    pantry-tree:
      size: 521
      sha256: af05c360575925cbb741acfc8daf527ede3b17bf6cc33b25b699821753f545f2
  original:
    hackage: free-categories-0.2.0.0@sha256:2d248c669140cf82324569eaf90406c7c9d4a510088aca1979c9bd411bc5980c,855
- completed:
    hackage: base-noprelude-4.13.0.0@sha256:3cccbfda38e1422ca5cc436d58858ba51ff9114d2ed87915a6569be11e4e5a90,6842
    pantry-tree:
      size: 112
      sha256: 90db92c8401880187ce642c5345407bcbd9546ea235524dd445cab2566ee3db1
  original:
    hackage: base-noprelude-4.13.0.0
snapshots:
- completed:
    size: 494638
    url: https://raw.githubusercontent.com/commercialhaskell/stackage-snapshots/master/lts/15/11.yaml
    sha256: 5747328cdcbb8fe9c96fc048b5566167c80dd176a41b52d3b363058e3cc1dc5d
  original: lts-15.11
